
Microsoft Visual Studio Solution File, Format Version 12.00
# Visual Studio Version 16
VisualStudioVersion = 16.0.31105.61
MinimumVisualStudioVersion = 10.0.40219.1
Project("{FAE04EC0-301F-11D3-BF4B-00C04F79EFBC}") = "ScssMonitorAndCompile", "ScssMonitorAndCompile.csproj", "{F081F7CE-CA91-4DE6-B1FF-3EE15CBFD925}"
EndProject
Global
	GlobalSection(SolutionConfigurationPlatforms) = preSolution
		Debug|Any CPU = Debug|Any CPU
		Release|Any CPU = Release|Any CPU
	EndGlobalSection
	GlobalSection(ProjectConfigurationPlatforms) = postSolution
		{F081F7CE-CA91-4DE6-B1FF-3EE15CBFD925}.Debug|Any CPU.ActiveCfg = Debug|Any CPU
		{F081F7CE-CA91-4DE6-B1FF-3EE15CBFD925}.Debug|Any CPU.Build.0 = Debug|Any CPU
		{F081F7CE-CA91-4DE6-B1FF-3EE15CBFD925}.Release|Any CPU.ActiveCfg = Release|Any CPU
		{F081F7CE-CA91-4DE6-B1FF-3EE15CBFD925}.Release|Any CPU.Build.0 = Release|Any CPU
	EndGlobalSection
	GlobalSection(SolutionProperties) = preSolution
		HideSolutionNode = FALSE
	EndGlobalSection
	GlobalSection(ExtensibilityGlobals) = postSolution
		SolutionGuid = {A385B33C-9201-42EA-A9A3-027D20E3E4FD}
	EndGlobalSection
EndGlobal
